
Microsoft Visual Studio Solution File, Format Version 12.00
# Visual Studio 15
VisualStudioVersion = 15.0.28010.2048
MinimumVisualStudioVersion = 10.0.40219.1
Project("{FAE04EC0-301F-11D3-BF4B-00C04F79EFBC}") = "ExercicioR1", "ExercicioR1\ExercicioR1.csproj", "{6233EB88-070B-4255-BC65-F318AFDF23EC}"
EndProject
Global
	GlobalSection(SolutionConfigurationPlatforms) = preSolution
		Debug|Any CPU = Debug|Any CPU
		Release|Any CPU = Release|Any CPU
	EndGlobalSection
	GlobalSection(ProjectConfigurationPlatforms) = postSolution
		{6233EB88-070B-4255-BC65-F318AFDF23EC}.Debug|Any CPU.ActiveCfg = Debug|Any CPU
		{6233EB88-070B-4255-BC65-F318AFDF23EC}.Debug|Any CPU.Build.0 = Debug|Any CPU
		{6233EB88-070B-4255-BC65-F318AFDF23EC}.Release|Any CPU.ActiveCfg = Release|Any CPU
		{6233EB88-070B-4255-BC65-F318AFDF23EC}.Release|Any CPU.Build.0 = Release|Any CPU
	EndGlobalSection
	GlobalSection(SolutionProperties) = preSolution
		HideSolutionNode = FALSE
	EndGlobalSection
	GlobalSection(ExtensibilityGlobals) = postSolution
		SolutionGuid = {68E5E4AE-B105-4B94-81E4-F50821A2FCDD}
	EndGlobalSection
EndGlobal
